// !$*UTF8*$!
{
	archiveVersion = 1;
	classes = {
	};
	objectVersion = 46;
	objects = {

/* Begin PBXBuildFile section */
		324737A11E67C62300F98728 /* AppDelegate.swift in Sources */ = {isa = PBXBuildFile; fileRef = 324737A01E67C62300F98728 /* AppDelegate.swift */; };
		324737A31E67C62300F98728 /* ViewController.swift in Sources */ = {isa = PBXBuildFile; fileRef = 324737A21E67C62300F98728 /* ViewController.swift */; };
		324737A61E67C62300F98728 /* Main.storyboard in Resources */ = {isa = PBXBuildFile; fileRef = 324737A41E67C62300F98728 /* Main.storyboard */; };
		324737A81E67C62300F98728 /* Assets.xcassets in Resources */ = {isa = PBXBuildFile; fileRef = 324737A71E67C62300F98728 /* Assets.xcassets */; };
		324737AB1E67C62300F98728 /* LaunchScreen.storyboard in Resources */ = {isa = PBXBuildFile; fileRef = 324737A91E67C62300F98728 /* LaunchScreen.storyboard */; };
/* End PBXBuildFile section */

/* Begin PBXFileReference section */
		3247379D1E67C62300F98728 /* PlayAndRecSample.app */ = {isa = PBXFileReference; explicitFileType = wrapper.application; includeInIndex = 0; path = PlayAndRecSample.app; sourceTree = BUILT_PRODUCTS_DIR; };
		324737A01E67C62300F98728 /* AppDelegate.swift */ = {isa = PBXFileReference; lastKnownFileType = sourcecode.swift; path = AppDelegate.swift; sourceTree = "<group>"; };
		324737A21E67C62300F98728 /* ViewController.swift */ = {isa = PBXFileReference; lastKnownFileType = sourcecode.swift; path = ViewController.swift; sourceTree = "<group>"; };
		324737A51E67C62300F98728 /* Base */ = {isa = PBXFileReference; lastKnownFileType = file.storyboard; name = Base; path = Base.lproj/Main.storyboard; sourceTree = "<group>"; };
		324737A71E67C62300F98728 /* Assets.xcassets */ = {isa = PBXFileReference; lastKnownFileType = folder.assetcatalog; path = Assets.xcassets; sourceTree = "<group>"; };
		324737AA1E67C62300F98728 /* Base */ = {isa = PBXFileReference; lastKnownFileType = file.storyboard; name = Base; path = Base.lproj/LaunchScreen.storyboard; sourceTree = "<group>"; };
		324737AC1E67C62300F98728 /* Info.plist */ = {isa = PBXFileReference; lastKnownFileType = text.plist.xml; path = Info.plist; sourceTree = "<group>"; };
/* End PBXFileReference section */

/* Begin PBXFrameworksBuildPhase section */
		3247379A1E67C62300F98728 /* Frameworks */ = {
			isa = PBXFrameworksBuildPhase;
			buildActionMask = 2147483647;
			files = (
			);
			runOnlyForDeploymentPostprocessing = 0;
		};
/* End PBXFrameworksBuildPhase section */

/* Begin PBXGroup section */
		324737941E67C62300F98728 = {
			isa = PBXGroup;
			children = (
				3247379F1E67C62300F98728 /* PlayAndRecSample */,
				3247379E1E67C62300F98728 /* Products */,
			);
			sourceTree = "<group>";
		};
		3247379E1E67C62300F98728 /* Products */ = {
			isa = PBXGroup;
			children = (
				3247379D1E67C62300F98728 /* PlayAndRecSample.app */,
			);
			name = Products;
			sourceTree = "<group>";
		};
		3247379F1E67C62300F98728 /* PlayAndRecSample */ = {
			isa = PBXGroup;
			children = (
				324737A01E67C62300F98728 /* AppDelegate.swift */,
				324737A21E67C62300F98728 /* ViewController.swift */,
				324737A41E67C62300F98728 /* Main.storyboard */,
				324737A71E67C62300F98728 /* Assets.xcassets */,
				324737A91E67C62300F98728 /* LaunchScreen.storyboard */,
				324737AC1E67C62300F98728 /* Info.plist */,
			);
			path = PlayAndRecSample;
			sourceTree = "<group>";
		};
/* End PBXGroup section */

/* Begin PBXNativeTarget section */
		3247379C1E67C62300F98728 /* PlayAndRecSample */ = {
			isa = PBXNativeTarget;
			buildConfigurationList = 324737AF1E67C62300F98728 /* Build configuration list for PBXNativeTarget "PlayAndRecSample" */;
			buildPhases = (
				324737991E67C62300F98728 /* Sources */,
				3247379A1E67C62300F98728 /* Frameworks */,
				3247379B1E67C62300F98728 /* Resources */,
			);
			buildRules = (
			);
			dependencies = (
			);
			name = PlayAndRecSample;
			productName = PlayAndRecSample;
			productReference = 3247379D1E67C62300F98728 /* PlayAndRecSample.app */;
			productType = "com.apple.product-type.application";
		};
/* End PBXNativeTarget section */

/* Begin PBXProject section */
		324737951E67C62300F98728 /* Project object */ = {
			isa = PBXProject;
			attributes = {
				LastSwiftUpdateCheck = 0820;
				LastUpgradeCheck = 0820;
				ORGANIZATIONNAME = "T@d";
				TargetAttributes = {
					3247379C1E67C62300F98728 = {
						CreatedOnToolsVersion = 8.2.1;
						DevelopmentTeam = LPMD2DMU36;
						ProvisioningStyle = Automatic;
					};
				};
			};
			buildConfigurationList = 324737981E67C62300F98728 /* Build configuration list for PBXProject "PlayAndRecSample" */;
			compatibilityVersion = "Xcode 3.2";
			developmentRegion = English;
			hasScannedForEncodings = 0;
			knownRegions = (
				en,
				Base,
			);
			mainGroup = 324737941E67C62300F98728;
			productRefGroup = 3247379E1E67C62300F98728 /* Products */;
			projectDirPath = "";
			projectRoot = "";
			targets = (
				3247379C1E67C62300F98728 /* PlayAndRecSample */,
			);
		};
/* End PBXProject section */

/* Begin PBXResourcesBuildPhase section */
		3247379B1E67C62300F98728 /* Resources */ = {
			isa = PBXResourcesBuildPhase;
			buildActionMask = 2147483647;
			files = (
				324737AB1E67C62300F98728 /* LaunchScreen.storyboard in Resources */,
				324737A81E67C62300F98728 /* Assets.xcassets in Resources */,
				324737A61E67C62300F98728 /* Main.storyboard in Resources */,
			);
			runOnlyForDeploymentPostprocessing = 0;
		};
/* End PBXResourcesBuildPhase section */

/* Begin PBXSourcesBuildPhase section */
		324737991E67C62300F98728 /* Sources */ = {
			isa = PBXSourcesBuildPhase;
			buildActionMask = 2147483647;
			files = (
				324737A31E67C62300F98728 /* ViewController.swift in Sources */,
				324737A11E67C62300F98728 /* AppDelegate.swift in Sources */,
			);
			runOnlyForDeploymentPostprocessing = 0;
		};
/* End PBXSourcesBuildPhase section */

/* Begin PBXVariantGroup section */
		324737A41E67C62300F98728 /* Main.storyboard */ = {
			isa = PBXVariantGroup;
			children = (
				324737A51E67C62300F98728 /* Base */,
			);
			name = Main.storyboard;
			sourceTree = "<group>";
		};
		324737A91E67C62300F98728 /* LaunchScreen.storyboard */ = {
			isa = PBXVariantGroup;
			children = (
				324737AA1E67C62300F98728 /* Base */,
			);
			name = LaunchScreen.storyboard;
			sourceTree = "<group>";
		};
/* End PBXVariantGroup section */

/* Begin XCBuildConfiguration section */
		324737AD1E67C62300F98728 /* Debug */ = {
			isa = XCBuildConfiguration;
			buildSettings = {
				ALWAYS_SEARCH_USER_PATHS = NO;
				CLANG_ANALYZER_NONNULL = YES;
				CLANG_CXX_LANGUAGE_STANDARD = "gnu++0x";
				CLANG_CXX_LIBRARY = "libc++";
				CLANG_ENABLE_MODULES = YES;
				CLANG_ENABLE_OBJC_ARC = YES;
				CLANG_WARN_BOOL_CONVERSION = YES;
				CLANG_WARN_CONSTANT_CONVERSION = YES;
				CLANG_WARN_DIRECT_OBJC_ISA_USAGE = YES_ERROR;
				CLANG_WARN_DOCUMENTATION_COMMENTS = YES;
				CLANG_WARN_EMPTY_BODY = YES;
				CLANG_WARN_ENUM_CONVERSION = YES;
				CLANG_WARN_INFINITE_RECURSION = YES;
				CLANG_WARN_INT_CONVERSION = YES;
				CLANG_WARN_OBJC_ROOT_CLASS = YES_ERROR;
				CLANG_WARN_SUSPICIOUS_MOVE = YES;
				CLANG_WARN_UNREACHABLE_CODE = YES;
				CLANG_WARN__DUPLICATE_METHOD_MATCH = YES;
				"CODE_SIGN_IDENTITY[sdk=iphoneos*]" = "iPhone Developer";
				COPY_PHASE_STRIP = NO;
				DEBUG_INFORMATION_FORMAT = dwarf;
				ENABLE_STRICT_OBJC_MSGSEND = YES;
				ENABLE_TESTABILITY = YES;
				GCC_C_LANGUAGE_STANDARD = gnu99;
				GCC_DYNAMIC_NO_PIC = NO;
				GCC_NO_COMMON_BLOCKS = YES;
				GCC_OPTIMIZATION_LEVEL = 0;
				GCC_PREPROCESSOR_DEFINITIONS = (
					"DEBUG=1",
					"$(inherited)",
				);
				GCC_WARN_64_TO_32_BIT_CONVERSION = YES;
				GCC_WARN_ABOUT_RETURN_TYPE = YES_ERROR;
				GCC_WARN_UNDECLARED_SELECTOR = YES;
				GCC_WARN_UNINITIALIZED_AUTOS = YES_AGGRESSIVE;
				GCC_WARN_UNUSED_FUNCTION = YES;
				GCC_WARN_UNUSED_VARIABLE = YES;
				IPHONEOS_DEPLOYMENT_TARGET = 10.2;
				MTL_ENABLE_DEBUG_INFO = YES;
				ONLY_ACTIVE_ARCH = YES;
				SDKROOT = iphoneos;
				SWIFT_ACTIVE_COMPILATION_CONDITIONS = DEBUG;
				SWIFT_OPTIMIZATION_LEVEL = "-Onone";
			};
			name = Debug;
		};
		324737AE1E67C62300F98728 /* Release */ = {
			isa = XCBuildConfiguration;
			buildSettings = {
				ALWAYS_SEARCH_USER_PATHS = NO;
				CLANG_ANALYZER_NONNULL = YES;
				CLANG_CXX_LANGUAGE_STANDARD = "gnu++0x";
				CLANG_CXX_LIBRARY = "libc++";
				CLANG_ENABLE_MODULES = YES;
				CLANG_ENABLE_OBJC_ARC = YES;
				CLANG_WARN_BOOL_CONVERSION = YES;
				CLANG_WARN_CONSTANT_CONVERSION = YES;
				CLANG_WARN_DIRECT_OBJC_ISA_USAGE = YES_ERROR;
				CLANG_WARN_DOCUMENTATION_COMMENTS = YES;
				CLANG_WARN_EMPTY_BODY = YES;
				CLANG_WARN_ENUM_CONVERSION = YES;
				CLANG_WARN_INFINITE_RECURSION = YES;
				CLANG_WARN_INT_CONVERSION = YES;
				CLANG_WARN_OBJC_ROOT_CLASS = YES_ERROR;
				CLANG_WARN_SUSPICIOUS_MOVE = YES;
				CLANG_WARN_UNREACHABLE_CODE = YES;
				CLANG_WARN__DUPLICATE_METHOD_MATCH = YES;
				"CODE_SIGN_IDENTITY[sdk=iphoneos*]" = "iPhone Developer";
				COPY_PHASE_STRIP = NO;
				DEBUG_INFORMATION_FORMAT = "dwarf-with-dsym";
				ENABLE_NS_ASSERTIONS = NO;
				ENABLE_STRICT_OBJC_MSGSEND = YES;
				GCC_C_LANGUAGE_STANDARD = gnu99;
				GCC_NO_COMMON_BLOCKS = YES;
				GCC_WARN_64_TO_32_BIT_CONVERSION = YES;
				GCC_WARN_ABOUT_RETURN_TYPE = YES_ERROR;
				GCC_WARN_UNDECLARED_SELECTOR = YES;
				GCC_WARN_UNINITIALIZED_AUTOS = YES_AGGRESSIVE;
				GCC_WARN_UNUSED_FUNCTION = YES;
				GCC_WARN_UNUSED_VARIABLE = YES;
				IPHONEOS_DEPLOYMENT_TARGET = 10.2;
				MTL_ENABLE_DEBUG_INFO = NO;
				SDKROOT = iphoneos;
				SWIFT_OPTIMIZATION_LEVEL = "-Owholemodule";
				VALIDATE_PRODUCT = YES;
			};
			name = Release;
		};
		324737B01E67C62300F98728 /* Debug */ = {
			isa = XCBuildConfiguration;
			buildSettings = {
				ASSETCATALOG_COMPILER_APPICON_NAME = AppIcon;
				DEVELOPMENT_TEAM = LPMD2DMU36;
				INFOPLIST_FILE = PlayAndRecSample/Info.plist;
				LD_RUNPATH_SEARCH_PATHS = "$(inherited) @executable_path/Frameworks";
				PRODUCT_BUNDLE_IDENTIFIER = fm.blunder.PlayAndRecSample;
				PRODUCT_NAME = "$(TARGET_NAME)";
				SWIFT_VERSION = 3.0;
			};
			name = Debug;
		};
		324737B11E67C62300F98728 /* Release */ = {
			isa = XCBuildConfiguration;
			buildSettings = {
				ASSETCATALOG_COMPILER_APPICON_NAME = AppIcon;
				DEVELOPMENT_TEAM = LPMD2DMU36;
				INFOPLIST_FILE = PlayAndRecSample/Info.plist;
				LD_RUNPATH_SEARCH_PATHS = "$(inherited) @executable_path/Frameworks";
				PRODUCT_BUNDLE_IDENTIFIER = fm.blunder.PlayAndRecSample;
				PRODUCT_NAME = "$(TARGET_NAME)";
				SWIFT_VERSION = 3.0;
			};
			name = Release;
		};
/* End XCBuildConfiguration section */

/* Begin XCConfigurationList section */
		324737981E67C62300F98728 /* Build configuration list for PBXProject "PlayAndRecSample" */ = {
			isa = XCConfigurationList;
			buildConfigurations = (
				324737AD1E67C62300F98728 /* Debug */,
				324737AE1E67C62300F98728 /* Release */,
			);
			defaultConfigurationIsVisible = 0;
			defaultConfigurationName = Release;
		};
		324737AF1E67C62300F98728 /* Build configuration list for PBXNativeTarget "PlayAndRecSample" */ = {
			isa = XCConfigurationList;
			buildConfigurations = (
				324737B01E67C62300F98728 /* Debug */,
				324737B11E67C62300F98728 /* Release */,
			);
			defaultConfigurationIsVisible = 0;
		};
/* End XCConfigurationList section */
	};
	rootObject = 324737951E67C62300F98728 /* Project object */;
}
